
Microsoft Visual Studio Solution File, Format Version 12.00
# Visual Studio Version 16
VisualStudioVersion = 16.0.31410.357
MinimumVisualStudioVersion = 10.0.40219.1
Project("{FAE04EC0-301F-11D3-BF4B-00C04F79EFBC}") = "ChronoBot", "ChronoBot\ChronoBot.csproj", "{F9D21651-14C1-4F81-8FCE-70FF379AA96A}"
EndProject
Project("{2150E333-8FDC-42A3-9474-1A3956D46DE8}") = "Solution Items", "Solution Items", "{6B8965BF-70DF-419E-8DC5-9D78E0F6E9BA}"
	ProjectSection(SolutionItems) = preProject
		.gitignore = .gitignore
	EndProjectSection
EndProject
Global
	GlobalSection(SolutionConfigurationPlatforms) = preSolution
		Debug|Any CPU = Debug|Any CPU
		Release|Any CPU = Release|Any CPU
	EndGlobalSection
	GlobalSection(ProjectConfigurationPlatforms) = postSolution
		{F9D21651-14C1-4F81-8FCE-70FF379AA96A}.Debug|Any CPU.ActiveCfg = Debug|Any CPU
		{F9D21651-14C1-4F81-8FCE-70FF379AA96A}.Debug|Any CPU.Build.0 = Debug|Any CPU
		{F9D21651-14C1-4F81-8FCE-70FF379AA96A}.Release|Any CPU.ActiveCfg = Release|Any CPU
		{F9D21651-14C1-4F81-8FCE-70FF379AA96A}.Release|Any CPU.Build.0 = Release|Any CPU
	EndGlobalSection
	GlobalSection(SolutionProperties) = preSolution
		HideSolutionNode = FALSE
	EndGlobalSection
	GlobalSection(ExtensibilityGlobals) = postSolution
		SolutionGuid = {72692DD0-5F09-409C-9421-2B7011701E92}
	EndGlobalSection
EndGlobal
